
Microsoft Visual Studio Solution File, Format Version 12.00
# Visual Studio 15
Project("{FAE04EC0-301F-11D3-BF4B-00C04F79EFBC}") = "Assembly-CSharp-firstpass", "Assembly-CSharp-firstpass.csproj", "{9EDEBD42-2B1C-3189-2253-DD0402914D8B}"
EndProject
Project("{FAE04EC0-301F-11D3-BF4B-00C04F79EFBC}") = "Assembly-CSharp", "Assembly-CSharp.csproj", "{8C4AA77E-1162-5AD2-85B1-103EB5323BAC}"
EndProject
Project("{FAE04EC0-301F-11D3-BF4B-00C04F79EFBC}") = "Assembly-CSharp-Editor", "Assembly-CSharp-Editor.csproj", "{7079140B-2CCD-1856-C1FD-FF8F9A4A5823}"
EndProject
Global
	GlobalSection(SolutionConfigurationPlatforms) = preSolution
		Debug|Any CPU = Debug|Any CPU
		Release|Any CPU = Release|Any CPU
	EndGlobalSection
	GlobalSection(ProjectConfigurationPlatforms) = postSolution
		{9EDEBD42-2B1C-3189-2253-DD0402914D8B}.Debug|Any CPU.ActiveCfg = Debug|Any CPU
		{9EDEBD42-2B1C-3189-2253-DD0402914D8B}.Debug|Any CPU.Build.0 = Debug|Any CPU
		{9EDEBD42-2B1C-3189-2253-DD0402914D8B}.Release|Any CPU.ActiveCfg = Release|Any CPU
		{9EDEBD42-2B1C-3189-2253-DD0402914D8B}.Release|Any CPU.Build.0 = Release|Any CPU
		{8C4AA77E-1162-5AD2-85B1-103EB5323BAC}.Debug|Any CPU.ActiveCfg = Debug|Any CPU
		{8C4AA77E-1162-5AD2-85B1-103EB5323BAC}.Debug|Any CPU.Build.0 = Debug|Any CPU
		{8C4AA77E-1162-5AD2-85B1-103EB5323BAC}.Release|Any CPU.ActiveCfg = Release|Any CPU
		{8C4AA77E-1162-5AD2-85B1-103EB5323BAC}.Release|Any CPU.Build.0 = Release|Any CPU
		{7079140B-2CCD-1856-C1FD-FF8F9A4A5823}.Debug|Any CPU.ActiveCfg = Debug|Any CPU
		{7079140B-2CCD-1856-C1FD-FF8F9A4A5823}.Debug|Any CPU.Build.0 = Debug|Any CPU
		{7079140B-2CCD-1856-C1FD-FF8F9A4A5823}.Release|Any CPU.ActiveCfg = Release|Any CPU
		{7079140B-2CCD-1856-C1FD-FF8F9A4A5823}.Release|Any CPU.Build.0 = Release|Any CPU
	EndGlobalSection
	GlobalSection(SolutionProperties) = preSolution
		HideSolutionNode = FALSE
	EndGlobalSection
EndGlobal
