
Microsoft Visual Studio Solution File, Format Version 12.00
# Visual Studio 15
Project("{FAE04EC0-301F-11D3-BF4B-00C04F79EFBC}") = "Assembly-CSharp-firstpass", "Assembly-CSharp-firstpass.csproj", "{3F7B3E54-CFCE-96FB-9671-372A8A88A693}"
EndProject
Project("{FAE04EC0-301F-11D3-BF4B-00C04F79EFBC}") = "Assembly-CSharp-Editor", "Assembly-CSharp-Editor.csproj", "{19C8D236-1BF2-8E30-57AB-7B12A8237E7B}"
EndProject
Global
	GlobalSection(SolutionConfigurationPlatforms) = preSolution
		Debug|Any CPU = Debug|Any CPU
		Release|Any CPU = Release|Any CPU
	EndGlobalSection
	GlobalSection(ProjectConfigurationPlatforms) = postSolution
		{3F7B3E54-CFCE-96FB-9671-372A8A88A693}.Debug|Any CPU.ActiveCfg = Debug|Any CPU
		{3F7B3E54-CFCE-96FB-9671-372A8A88A693}.Debug|Any CPU.Build.0 = Debug|Any CPU
		{3F7B3E54-CFCE-96FB-9671-372A8A88A693}.Release|Any CPU.ActiveCfg = Release|Any CPU
		{3F7B3E54-CFCE-96FB-9671-372A8A88A693}.Release|Any CPU.Build.0 = Release|Any CPU
		{19C8D236-1BF2-8E30-57AB-7B12A8237E7B}.Debug|Any CPU.ActiveCfg = Debug|Any CPU
		{19C8D236-1BF2-8E30-57AB-7B12A8237E7B}.Debug|Any CPU.Build.0 = Debug|Any CPU
		{19C8D236-1BF2-8E30-57AB-7B12A8237E7B}.Release|Any CPU.ActiveCfg = Release|Any CPU
		{19C8D236-1BF2-8E30-57AB-7B12A8237E7B}.Release|Any CPU.Build.0 = Release|Any CPU
	EndGlobalSection
	GlobalSection(SolutionProperties) = preSolution
		HideSolutionNode = FALSE
	EndGlobalSection
EndGlobal
